
Microsoft Visual Studio Solution File, Format Version 12.00
Project("{2150E333-8FDC-42A3-9474-1A3956D46DE8}") = "Ordering", "Ordering", "{650DBE24-DE9A-4538-94E8-1E131DD0CCD5}"
EndProject
Project("{2150E333-8FDC-42A3-9474-1A3956D46DE8}") = "Catalog", "Catalog", "{859E8308-02AF-4252-821B-EEF87B28DF0B}"
EndProject
Project("{FAE04EC0-301F-11D3-BF4B-00C04F79EFBC}") = "SomeShop.Common.Domain", "SomeShop.Common.Domain\SomeShop.Common.Domain.csproj", "{AB79417F-321B-4254-B5C8-CB94FBCBC78D}"
EndProject
Project("{FAE04EC0-301F-11D3-BF4B-00C04F79EFBC}") = "SomeShop.Ordering.Domain", "SomeShop.Ordering.Domain\SomeShop.Ordering.Domain.csproj", "{011726E6-82BE-49F9-B1DF-234608C63198}"
EndProject
Project("{FAE04EC0-301F-11D3-BF4B-00C04F79EFBC}") = "SomeShop.Ordering.Tests", "SomeShop.Ordering.Tests\SomeShop.Ordering.Tests.csproj", "{41FF9918-3730-4548-A2A7-C42E047856EE}"
EndProject
Project("{FAE04EC0-301F-11D3-BF4B-00C04F79EFBC}") = "SomeShop.Ordering.App", "SomeShop.Ordering.App\SomeShop.Ordering.App.csproj", "{ACB6BC71-650D-41D4-ABE0-F9F0EAEFE738}"
EndProject
Project("{2150E333-8FDC-42A3-9474-1A3956D46DE8}") = "StockManagement", "StockManagement", "{4CC9D393-48DB-42CA-97D2-C4094AEE5B0C}"
EndProject
Project("{FAE04EC0-301F-11D3-BF4B-00C04F79EFBC}") = "SomeShop.Common.App", "SomeShop.Common.App\SomeShop.Common.App.csproj", "{982BDFA6-D44A-4F22-BD54-27437B3C849C}"
EndProject
Project("{FAE04EC0-301F-11D3-BF4B-00C04F79EFBC}") = "SomeShop.Ordering.EF", "SomeShop.Ordering.EF\SomeShop.Ordering.EF.csproj", "{76770BBA-E777-4CD8-951C-108FEA0604A8}"
EndProject
Project("{FAE04EC0-301F-11D3-BF4B-00C04F79EFBC}") = "SomeShop.Common.EF", "SomeShop.Common.EF\SomeShop.Common.EF.csproj", "{E9CF939F-08AE-4B40-8D92-560F5D556D16}"
EndProject
Project("{FAE04EC0-301F-11D3-BF4B-00C04F79EFBC}") = "SomeShop.Api", "SomeShop.Api\SomeShop.Api.csproj", "{7983C605-A20C-4442-8A7A-9ECC444ED2FB}"
EndProject
Project("{FAE04EC0-301F-11D3-BF4B-00C04F79EFBC}") = "SomeShop.Ordering.Contracts", "SomeShop.Ordering.Contracts\SomeShop.Ordering.Contracts.csproj", "{395CD94A-6392-4E6E-AB0E-7803D5BD1182}"
EndProject
Project("{FAE04EC0-301F-11D3-BF4B-00C04F79EFBC}") = "SomeShop.IntegrationTests", "SomeShop.IntegrationTests\SomeShop.IntegrationTests.csproj", "{5C5FB1D8-2AD6-4B9B-8EAD-F2B446F06CAF}"
	ProjectSection(ProjectDependencies) = postProject
		{7983C605-A20C-4442-8A7A-9ECC444ED2FB} = {7983C605-A20C-4442-8A7A-9ECC444ED2FB}
	EndProjectSection
EndProject
Project("{FAE04EC0-301F-11D3-BF4B-00C04F79EFBC}") = "SomeShop.Catalog.App", "SomeShop.Catalog.App\SomeShop.Catalog.App.csproj", "{FA813477-50CD-42AC-8554-7BBC8BA143F9}"
EndProject
Project("{FAE04EC0-301F-11D3-BF4B-00C04F79EFBC}") = "SomeShop.Catalog.Contracts", "SomeShop.Catalog.Contracts\SomeShop.Catalog.Contracts.csproj", "{43D5920F-5575-4D49-84E8-8BFFE2DFCFA5}"
EndProject
Project("{FAE04EC0-301F-11D3-BF4B-00C04F79EFBC}") = "SomeShop.Catalog.EF", "SomeShop.Catalog.EF\SomeShop.Catalog.EF.csproj", "{DA12BE87-A36A-4FEC-A020-5F8F248DDBBE}"
EndProject
Project("{FAE04EC0-301F-11D3-BF4B-00C04F79EFBC}") = "SomeShop.Common.Proto", "SomeShop.Common.Proto\SomeShop.Common.Proto.csproj", "{5F2131B1-B937-4588-907E-7A3EACD30406}"
EndProject
Project("{FAE04EC0-301F-11D3-BF4B-00C04F79EFBC}") = "SomeShop.StockManagement.App", "SomeShop.StockManagement.App\SomeShop.StockManagement.App.csproj", "{AB83DDBB-B7E1-4C5C-8B90-52E05962581A}"
EndProject
Project("{FAE04EC0-301F-11D3-BF4B-00C04F79EFBC}") = "SomeShop.StockManagement.Contracts", "SomeShop.StockManagement.Contracts\SomeShop.StockManagement.Contracts.csproj", "{AF4B76B4-CDB0-4CA2-9B27-6CD72886D8C4}"
EndProject
Project("{FAE04EC0-301F-11D3-BF4B-00C04F79EFBC}") = "SomeShop.ArchTests", "SomeShop.ArchTests\SomeShop.ArchTests.csproj", "{420202BF-6179-450F-9881-38D4A43977C7}"
EndProject
Project("{2150E333-8FDC-42A3-9474-1A3956D46DE8}") = "_tests", "_tests", "{F70A55C4-1F6F-4BC6-841B-374C13019F6F}"
EndProject
Project("{2150E333-8FDC-42A3-9474-1A3956D46DE8}") = "_common", "_common", "{9FCDD330-F619-4B06-AE8B-A04C3CF3E3C4}"
EndProject
Global
	GlobalSection(SolutionConfigurationPlatforms) = preSolution
		Debug|Any CPU = Debug|Any CPU
		Release|Any CPU = Release|Any CPU
	EndGlobalSection
	GlobalSection(ProjectConfigurationPlatforms) = postSolution
		{AB79417F-321B-4254-B5C8-CB94FBCBC78D}.Debug|Any CPU.ActiveCfg = Debug|Any CPU
		{AB79417F-321B-4254-B5C8-CB94FBCBC78D}.Debug|Any CPU.Build.0 = Debug|Any CPU
		{AB79417F-321B-4254-B5C8-CB94FBCBC78D}.Release|Any CPU.ActiveCfg = Release|Any CPU
		{AB79417F-321B-4254-B5C8-CB94FBCBC78D}.Release|Any CPU.Build.0 = Release|Any CPU
		{011726E6-82BE-49F9-B1DF-234608C63198}.Debug|Any CPU.ActiveCfg = Debug|Any CPU
		{011726E6-82BE-49F9-B1DF-234608C63198}.Debug|Any CPU.Build.0 = Debug|Any CPU
		{011726E6-82BE-49F9-B1DF-234608C63198}.Release|Any CPU.ActiveCfg = Release|Any CPU
		{011726E6-82BE-49F9-B1DF-234608C63198}.Release|Any CPU.Build.0 = Release|Any CPU
		{41FF9918-3730-4548-A2A7-C42E047856EE}.Debug|Any CPU.ActiveCfg = Debug|Any CPU
		{41FF9918-3730-4548-A2A7-C42E047856EE}.Debug|Any CPU.Build.0 = Debug|Any CPU
		{41FF9918-3730-4548-A2A7-C42E047856EE}.Release|Any CPU.ActiveCfg = Release|Any CPU
		{41FF9918-3730-4548-A2A7-C42E047856EE}.Release|Any CPU.Build.0 = Release|Any CPU
		{ACB6BC71-650D-41D4-ABE0-F9F0EAEFE738}.Debug|Any CPU.ActiveCfg = Debug|Any CPU
		{ACB6BC71-650D-41D4-ABE0-F9F0EAEFE738}.Debug|Any CPU.Build.0 = Debug|Any CPU
		{ACB6BC71-650D-41D4-ABE0-F9F0EAEFE738}.Release|Any CPU.ActiveCfg = Release|Any CPU
		{ACB6BC71-650D-41D4-ABE0-F9F0EAEFE738}.Release|Any CPU.Build.0 = Release|Any CPU
		{982BDFA6-D44A-4F22-BD54-27437B3C849C}.Debug|Any CPU.ActiveCfg = Debug|Any CPU
		{982BDFA6-D44A-4F22-BD54-27437B3C849C}.Debug|Any CPU.Build.0 = Debug|Any CPU
		{982BDFA6-D44A-4F22-BD54-27437B3C849C}.Release|Any CPU.ActiveCfg = Release|Any CPU
		{982BDFA6-D44A-4F22-BD54-27437B3C849C}.Release|Any CPU.Build.0 = Release|Any CPU
		{76770BBA-E777-4CD8-951C-108FEA0604A8}.Debug|Any CPU.ActiveCfg = Debug|Any CPU
		{76770BBA-E777-4CD8-951C-108FEA0604A8}.Debug|Any CPU.Build.0 = Debug|Any CPU
		{76770BBA-E777-4CD8-951C-108FEA0604A8}.Release|Any CPU.ActiveCfg = Release|Any CPU
		{76770BBA-E777-4CD8-951C-108FEA0604A8}.Release|Any CPU.Build.0 = Release|Any CPU
		{E9CF939F-08AE-4B40-8D92-560F5D556D16}.Debug|Any CPU.ActiveCfg = Debug|Any CPU
		{E9CF939F-08AE-4B40-8D92-560F5D556D16}.Debug|Any CPU.Build.0 = Debug|Any CPU
		{E9CF939F-08AE-4B40-8D92-560F5D556D16}.Release|Any CPU.ActiveCfg = Release|Any CPU
		{E9CF939F-08AE-4B40-8D92-560F5D556D16}.Release|Any CPU.Build.0 = Release|Any CPU
		{7983C605-A20C-4442-8A7A-9ECC444ED2FB}.Debug|Any CPU.ActiveCfg = Debug|Any CPU
		{7983C605-A20C-4442-8A7A-9ECC444ED2FB}.Debug|Any CPU.Build.0 = Debug|Any CPU
		{7983C605-A20C-4442-8A7A-9ECC444ED2FB}.Release|Any CPU.ActiveCfg = Release|Any CPU
		{7983C605-A20C-4442-8A7A-9ECC444ED2FB}.Release|Any CPU.Build.0 = Release|Any CPU
		{395CD94A-6392-4E6E-AB0E-7803D5BD1182}.Debug|Any CPU.ActiveCfg = Debug|Any CPU
		{395CD94A-6392-4E6E-AB0E-7803D5BD1182}.Debug|Any CPU.Build.0 = Debug|Any CPU
		{395CD94A-6392-4E6E-AB0E-7803D5BD1182}.Release|Any CPU.ActiveCfg = Release|Any CPU
		{395CD94A-6392-4E6E-AB0E-7803D5BD1182}.Release|Any CPU.Build.0 = Release|Any CPU
		{5C5FB1D8-2AD6-4B9B-8EAD-F2B446F06CAF}.Debug|Any CPU.ActiveCfg = Debug|Any CPU
		{5C5FB1D8-2AD6-4B9B-8EAD-F2B446F06CAF}.Debug|Any CPU.Build.0 = Debug|Any CPU
		{5C5FB1D8-2AD6-4B9B-8EAD-F2B446F06CAF}.Release|Any CPU.ActiveCfg = Release|Any CPU
		{5C5FB1D8-2AD6-4B9B-8EAD-F2B446F06CAF}.Release|Any CPU.Build.0 = Release|Any CPU
		{FA813477-50CD-42AC-8554-7BBC8BA143F9}.Debug|Any CPU.ActiveCfg = Debug|Any CPU
		{FA813477-50CD-42AC-8554-7BBC8BA143F9}.Debug|Any CPU.Build.0 = Debug|Any CPU
		{FA813477-50CD-42AC-8554-7BBC8BA143F9}.Release|Any CPU.ActiveCfg = Release|Any CPU
		{FA813477-50CD-42AC-8554-7BBC8BA143F9}.Release|Any CPU.Build.0 = Release|Any CPU
		{43D5920F-5575-4D49-84E8-8BFFE2DFCFA5}.Debug|Any CPU.ActiveCfg = Debug|Any CPU
		{43D5920F-5575-4D49-84E8-8BFFE2DFCFA5}.Debug|Any CPU.Build.0 = Debug|Any CPU
		{43D5920F-5575-4D49-84E8-8BFFE2DFCFA5}.Release|Any CPU.ActiveCfg = Release|Any CPU
		{43D5920F-5575-4D49-84E8-8BFFE2DFCFA5}.Release|Any CPU.Build.0 = Release|Any CPU
		{DA12BE87-A36A-4FEC-A020-5F8F248DDBBE}.Debug|Any CPU.ActiveCfg = Debug|Any CPU
		{DA12BE87-A36A-4FEC-A020-5F8F248DDBBE}.Debug|Any CPU.Build.0 = Debug|Any CPU
		{DA12BE87-A36A-4FEC-A020-5F8F248DDBBE}.Release|Any CPU.ActiveCfg = Release|Any CPU
		{DA12BE87-A36A-4FEC-A020-5F8F248DDBBE}.Release|Any CPU.Build.0 = Release|Any CPU
		{5F2131B1-B937-4588-907E-7A3EACD30406}.Debug|Any CPU.ActiveCfg = Debug|Any CPU
		{5F2131B1-B937-4588-907E-7A3EACD30406}.Debug|Any CPU.Build.0 = Debug|Any CPU
		{5F2131B1-B937-4588-907E-7A3EACD30406}.Release|Any CPU.ActiveCfg = Release|Any CPU
		{5F2131B1-B937-4588-907E-7A3EACD30406}.Release|Any CPU.Build.0 = Release|Any CPU
		{AB83DDBB-B7E1-4C5C-8B90-52E05962581A}.Debug|Any CPU.ActiveCfg = Debug|Any CPU
		{AB83DDBB-B7E1-4C5C-8B90-52E05962581A}.Debug|Any CPU.Build.0 = Debug|Any CPU
		{AB83DDBB-B7E1-4C5C-8B90-52E05962581A}.Release|Any CPU.ActiveCfg = Release|Any CPU
		{AB83DDBB-B7E1-4C5C-8B90-52E05962581A}.Release|Any CPU.Build.0 = Release|Any CPU
		{AF4B76B4-CDB0-4CA2-9B27-6CD72886D8C4}.Debug|Any CPU.ActiveCfg = Debug|Any CPU
		{AF4B76B4-CDB0-4CA2-9B27-6CD72886D8C4}.Debug|Any CPU.Build.0 = Debug|Any CPU
		{AF4B76B4-CDB0-4CA2-9B27-6CD72886D8C4}.Release|Any CPU.ActiveCfg = Release|Any CPU
		{AF4B76B4-CDB0-4CA2-9B27-6CD72886D8C4}.Release|Any CPU.Build.0 = Release|Any CPU
		{420202BF-6179-450F-9881-38D4A43977C7}.Debug|Any CPU.ActiveCfg = Debug|Any CPU
		{420202BF-6179-450F-9881-38D4A43977C7}.Debug|Any CPU.Build.0 = Debug|Any CPU
		{420202BF-6179-450F-9881-38D4A43977C7}.Release|Any CPU.ActiveCfg = Release|Any CPU
		{420202BF-6179-450F-9881-38D4A43977C7}.Release|Any CPU.Build.0 = Release|Any CPU
	EndGlobalSection
	GlobalSection(NestedProjects) = preSolution
		{011726E6-82BE-49F9-B1DF-234608C63198} = {650DBE24-DE9A-4538-94E8-1E131DD0CCD5}
		{41FF9918-3730-4548-A2A7-C42E047856EE} = {650DBE24-DE9A-4538-94E8-1E131DD0CCD5}
		{ACB6BC71-650D-41D4-ABE0-F9F0EAEFE738} = {650DBE24-DE9A-4538-94E8-1E131DD0CCD5}
		{76770BBA-E777-4CD8-951C-108FEA0604A8} = {650DBE24-DE9A-4538-94E8-1E131DD0CCD5}
		{395CD94A-6392-4E6E-AB0E-7803D5BD1182} = {650DBE24-DE9A-4538-94E8-1E131DD0CCD5}
		{FA813477-50CD-42AC-8554-7BBC8BA143F9} = {859E8308-02AF-4252-821B-EEF87B28DF0B}
		{43D5920F-5575-4D49-84E8-8BFFE2DFCFA5} = {859E8308-02AF-4252-821B-EEF87B28DF0B}
		{DA12BE87-A36A-4FEC-A020-5F8F248DDBBE} = {859E8308-02AF-4252-821B-EEF87B28DF0B}
		{AB83DDBB-B7E1-4C5C-8B90-52E05962581A} = {4CC9D393-48DB-42CA-97D2-C4094AEE5B0C}
		{AF4B76B4-CDB0-4CA2-9B27-6CD72886D8C4} = {4CC9D393-48DB-42CA-97D2-C4094AEE5B0C}
		{420202BF-6179-450F-9881-38D4A43977C7} = {F70A55C4-1F6F-4BC6-841B-374C13019F6F}
		{5C5FB1D8-2AD6-4B9B-8EAD-F2B446F06CAF} = {F70A55C4-1F6F-4BC6-841B-374C13019F6F}
		{5F2131B1-B937-4588-907E-7A3EACD30406} = {9FCDD330-F619-4B06-AE8B-A04C3CF3E3C4}
		{982BDFA6-D44A-4F22-BD54-27437B3C849C} = {9FCDD330-F619-4B06-AE8B-A04C3CF3E3C4}
		{AB79417F-321B-4254-B5C8-CB94FBCBC78D} = {9FCDD330-F619-4B06-AE8B-A04C3CF3E3C4}
		{E9CF939F-08AE-4B40-8D92-560F5D556D16} = {9FCDD330-F619-4B06-AE8B-A04C3CF3E3C4}
	EndGlobalSection
EndGlobal
